<?xml version="1.0" encoding="utf-8"?>
<Project ToolsVersion="4.0" xmlns="http://schemas.microsoft.com/developer/msbuild/2003">
  <ItemGroup>
    <Filter Include="Source Files">
      <UniqueIdentifier>{4FC737F1-C7A5-4376-A066-2A32D752A2FF}</UniqueIdentifier>
      <Extensions>cpp;c;cc;cxx;c++;cppm;ixx;def;odl;idl;hpj;bat;asm;asmx</Extensions>
    </Filter>
    <Filter Include="Header Files">
      <UniqueIdentifier>{93995380-89BD-4b04-88EB-625FBE52EBFB}</UniqueIdentifier>
      <Extensions>h;hh;hpp;hxx;h++;hm;inl;inc;ipp;xsd</Extensions>
    </Filter>
    <Filter Include="Resource Files">
      <UniqueIdentifier>{67DA6AB6-F800-4c08-8B7A-83BB121AAD01}</UniqueIdentifier>
      <Extensions>rc;ico;cur;bmp;dlg;rc2;rct;bin;rgs;gif;jpg;jpeg;jpe;resx;tiff;tif;png;wav;mfcribbon-ms</Extensions>
    </Filter>
    <Filter Include="Source Files\commands">
      <UniqueIdentifier>{4e26cb87-ce7f-42b9-9008-e17332dc1530}</UniqueIdentifier>
    </Filter>
    <Filter Include="Source Files\utilities">
      <UniqueIdentifier>{134763b5-5dab-4b83-9666-82bb3a8dcf42}</UniqueIdentifier>
    </Filter>
    <Filter Include="Source Files\classes">
      <UniqueIdentifier>{2e2f2970-70d9-49a2-9971-c81277bcaccb}</UniqueIdentifier>
    </Filter>
    <Filter Include="Source Files\classes\icommands">
      <UniqueIdentifier>{969d507d-d68a-45e5-8dcb-6399afc98a54}</UniqueIdentifier>
    </Filter>
    <Filter Include="Source Files\classes\consoles">
      <UniqueIdentifier>{5488da7d-1899-4a5d-a95b-c391c7286ebc}</UniqueIdentifier>
    </Filter>
    <Filter Include="Source Files\classes\schedulers">
      <UniqueIdentifier>{0b544ca5-f1a3-47fe-8cec-4401dea72941}</UniqueIdentifier>
    </Filter>
    <Filter Include="Header Files\icommands">
      <UniqueIdentifier>{24b8e8cf-8d61-4a32-b784-a1b423d341a0}</UniqueIdentifier>
    </Filter>
    <Filter Include="Header Files\consoles">
      <UniqueIdentifier>{ba043436-1c3a-468e-a4f9-7fb21e70b1c3}</UniqueIdentifier>
    </Filter>
    <Filter Include="Header Files\schedulers">
      <UniqueIdentifier>{d76b5154-cd6f-4463-a73e-7d58e8c90c3d}</UniqueIdentifier>
    </Filter>
    <Filter Include="Header Files\OS">
      <UniqueIdentifier>{1055e17b-6057-4126-a625-9640bb64b29d}</UniqueIdentifier>
    </Filter>
    <Filter Include="Source Files\classes\OS">
      <UniqueIdentifier>{ced7dcbb-f0cc-4f6b-9948-ebfc31be99da}</UniqueIdentifier>
    </Filter>
  </ItemGroup>
  <ItemGroup>
    <ClCompile Include="main.cpp">
      <Filter>Source Files</Filter>
    </ClCompile>
    <ClCompile Include="initialize.cpp">
      <Filter>Source Files\commands</Filter>
    </ClCompile>
    <ClCompile Include="scheduler-test.cpp">
      <Filter>Source Files\commands</Filter>
    </ClCompile>
    <ClCompile Include="scheduler-stop.cpp">
      <Filter>Source Files\commands</Filter>
    </ClCompile>
    <ClCompile Include="report-util.cpp">
      <Filter>Source Files\commands</Filter>
    </ClCompile>
    <ClCompile Include="clear.cpp">
      <Filter>Source Files\commands</Filter>
    </ClCompile>
    <ClCompile Include="exit.cpp">
      <Filter>Source Files\commands</Filter>
    </ClCompile>
    <ClCompile Include="cli-visuals.cpp">
      <Filter>Source Files\utilities</Filter>
    </ClCompile>
    <ClCompile Include="screen.cpp">
      <Filter>Source Files\commands</Filter>
    </ClCompile>
    <ClCompile Include="time-converter.cpp">
      <Filter>Source Files\utilities</Filter>
    </ClCompile>
    <ClCompile Include="ICommand.cpp">
      <Filter>Source Files\classes\icommands</Filter>
    </ClCompile>
    <ClCompile Include="AbsConsole.cpp">
      <Filter>Source Files\classes\consoles</Filter>
    </ClCompile>
    <ClCompile Include="BaseScreen.cpp">
      <Filter>Source Files\classes\consoles</Filter>
    </ClCompile>
    <ClCompile Include="MainConsole.cpp">
      <Filter>Source Files\classes\consoles</Filter>
    </ClCompile>
    <ClCompile Include="ConsoleManager.cpp">
      <Filter>Source Files\classes\OS</Filter>
    </ClCompile>
    <ClCompile Include="Process.cpp">
      <Filter>Source Files\classes\OS</Filter>
    </ClCompile>
    <ClCompile Include="process-smi.cpp">
      <Filter>Source Files\commands</Filter>
    </ClCompile>
    <ClCompile Include="PrintCommand.cpp">
      <Filter>Source Files\classes\icommands</Filter>
    </ClCompile>
    <ClCompile Include="GlobalScheduler.cpp">
      <Filter>Source Files\classes\schedulers</Filter>
    </ClCompile>
    <ClCompile Include="SchedulerWorker.cpp">
      <Filter>Source Files\classes\schedulers</Filter>
    </ClCompile>
    <ClCompile Include="test-cases.cpp">
      <Filter>Source Files\utilities</Filter>
    </ClCompile>
  </ItemGroup>
  <ItemGroup>
    <ClInclude Include="AbsConsole.h">
      <Filter>Header Files\consoles</Filter>
    </ClInclude>
    <ClInclude Include="BaseScreen.h">
      <Filter>Header Files\consoles</Filter>
    </ClInclude>
    <ClInclude Include="PrintCommand.h">
      <Filter>Header Files\icommands</Filter>
    </ClInclude>
    <ClInclude Include="ICommand.h">
      <Filter>Header Files\icommands</Filter>
    </ClInclude>
    <ClInclude Include="MainConsole.h">
      <Filter>Header Files\consoles</Filter>
    </ClInclude>
    <ClInclude Include="Commands.h">
      <Filter>Header Files\OS</Filter>
    </ClInclude>
    <ClInclude Include="ConsoleManager.h">
      <Filter>Header Files\OS</Filter>
    </ClInclude>
    <ClInclude Include="Process.h">
      <Filter>Header Files\OS</Filter>
    </ClInclude>
    <ClInclude Include="TypeDefs.h">
      <Filter>Header Files\OS</Filter>
    </ClInclude>
    <ClInclude Include="Utilities.h">
      <Filter>Header Files\OS</Filter>
    </ClInclude>
    <ClInclude Include="AbsScheduler.h">
      <Filter>Header Files</Filter>
    </ClInclude>
    <ClInclude Include="GlobalScheduler.h">
      <Filter>Header Files</Filter>
    </ClInclude>
    <ClInclude Include="SchedulerWorker.h">
      <Filter>Header Files</Filter>
    </ClInclude>
  </ItemGroup>
</Project>